
Microsoft Visual Studio Solution File, Format Version 12.00
# Visual Studio Version 17
VisualStudioVersion = 17.5.33414.496
MinimumVisualStudioVersion = 10.0.40219.1
Project("{FAE04EC0-301F-11D3-BF4B-00C04F79EFBC}") = "ConversaoTemperatura", "ConversaoTemperatura\ConversaoTemperatura.csproj", "{B042F523-D9B7-46C6-BD44-D0DC7D3B827D}"
EndProject
Global
	GlobalSection(SolutionConfigurationPlatforms) = preSolution
		Debug|Any CPU = Debug|Any CPU
		Release|Any CPU = Release|Any CPU
	EndGlobalSection
	GlobalSection(ProjectConfigurationPlatforms) = postSolution
		{B042F523-D9B7-46C6-BD44-D0DC7D3B827D}.Debug|Any CPU.ActiveCfg = Debug|Any CPU
		{B042F523-D9B7-46C6-BD44-D0DC7D3B827D}.Debug|Any CPU.Build.0 = Debug|Any CPU
		{B042F523-D9B7-46C6-BD44-D0DC7D3B827D}.Release|Any CPU.ActiveCfg = Release|Any CPU
		{B042F523-D9B7-46C6-BD44-D0DC7D3B827D}.Release|Any CPU.Build.0 = Release|Any CPU
	EndGlobalSection
	GlobalSection(SolutionProperties) = preSolution
		HideSolutionNode = FALSE
	EndGlobalSection
	GlobalSection(ExtensibilityGlobals) = postSolution
		SolutionGuid = {D93B7B7F-62FF-426F-9765-590CF1D64312}
	EndGlobalSection
EndGlobal
